github.com/go-gl/mathgl v1.2.0 h1:v2eOj/y1B2afDxF6URV1qCYmo1KW08lAMtTbOn3KXCY=
github.com/go-gl/mathgl v1.2.0/go.mod h1:pf9+b5J3LFP7iZ4XXaVzZrCle0Q/vNpB/vDe5+3ulRE=
github.com/ljanyst/ghostscad v0.2.2 h1:BReMbQIuTtxt0cvxAO2ST4XEb7QtuvoxjUzw7pn8PEw=
github.com/ljanyst/ghostscad v0.2.2/go.mod h1:+nrnIR0CHvepMIj6rM1jBVP6wkzcMxp4uvUD86EwXhE=
